schema: '2.0'
stages:
  train:
    cmd: python src/training/train_model.py
    deps:
    - path: data/raw/productivity_data.csv
      hash: md5
      md5: 03c6565549aa8fa0f6570fda232bc4e0
      size: 52395
    - path: params.yaml
      hash: md5
      md5: fd9114ad2011e0d78ad83c70a1149116
      size: 162
    - path: src/training/train_model.py
      hash: md5
      md5: eddcbcea2a6b59c685003e8cf89ae9f9
      size: 2848
    outs:
    - path: mlruns/
      hash: md5
      md5: beeda326ec5fe3eb984b4ca43acc3611.dir
      size: 2057
      nfiles: 31
    - path: models/
      hash: md5
      md5: 56caef658eb0d84cc60152f7073dbba5.dir
      size: 4191459
      nfiles: 16
